
Microsoft Visual Studio Solution File, Format Version 12.00
# Visual Studio Version 17
VisualStudioVersion = 17.10.35013.160
MinimumVisualStudioVersion = 10.0.40219.1
Project("{FAE04EC0-301F-11D3-BF4B-00C04F79EFBC}") = "вар. задание 1", "вар. задание 1.csproj", "{3AB61E32-B275-454A-BEDA-97B7EB3BD755}"
EndProject
Project("{FAE04EC0-301F-11D3-BF4B-00C04F79EFBC}") = "зад. 2", "..\зад. 2\зад. 2.csproj", "{8C81B265-022A-46F4-9915-7BB02CD6102A}"
EndProject
Project("{FAE04EC0-301F-11D3-BF4B-00C04F79EFBC}") = "зад. 3", "..\зад. 3\зад. 3.csproj", "{3BC512BF-0B7B-4DB1-952A-585A7E0AA601}"
EndProject
Global
	GlobalSection(SolutionConfigurationPlatforms) = preSolution
		Debug|Any CPU = Debug|Any CPU
		Release|Any CPU = Release|Any CPU
	EndGlobalSection
	GlobalSection(ProjectConfigurationPlatforms) = postSolution
		{3AB61E32-B275-454A-BEDA-97B7EB3BD755}.Debug|Any CPU.ActiveCfg = Debug|Any CPU
		{3AB61E32-B275-454A-BEDA-97B7EB3BD755}.Debug|Any CPU.Build.0 = Debug|Any CPU
		{3AB61E32-B275-454A-BEDA-97B7EB3BD755}.Release|Any CPU.ActiveCfg = Release|Any CPU
		{3AB61E32-B275-454A-BEDA-97B7EB3BD755}.Release|Any CPU.Build.0 = Release|Any CPU
		{8C81B265-022A-46F4-9915-7BB02CD6102A}.Debug|Any CPU.ActiveCfg = Debug|Any CPU
		{8C81B265-022A-46F4-9915-7BB02CD6102A}.Debug|Any CPU.Build.0 = Debug|Any CPU
		{8C81B265-022A-46F4-9915-7BB02CD6102A}.Release|Any CPU.ActiveCfg = Release|Any CPU
		{8C81B265-022A-46F4-9915-7BB02CD6102A}.Release|Any CPU.Build.0 = Release|Any CPU
		{3BC512BF-0B7B-4DB1-952A-585A7E0AA601}.Debug|Any CPU.ActiveCfg = Debug|Any CPU
		{3BC512BF-0B7B-4DB1-952A-585A7E0AA601}.Debug|Any CPU.Build.0 = Debug|Any CPU
		{3BC512BF-0B7B-4DB1-952A-585A7E0AA601}.Release|Any CPU.ActiveCfg = Release|Any CPU
		{3BC512BF-0B7B-4DB1-952A-585A7E0AA601}.Release|Any CPU.Build.0 = Release|Any CPU
	EndGlobalSection
	GlobalSection(SolutionProperties) = preSolution
		HideSolutionNode = FALSE
	EndGlobalSection
	GlobalSection(ExtensibilityGlobals) = postSolution
		SolutionGuid = {3613DD2A-ED3F-4EAC-A220-7F96EE7EC0FE}
	EndGlobalSection
EndGlobal
